
Microsoft Visual Studio Solution File, Format Version 12.00
# Visual Studio Version 16
VisualStudioVersion = 16.0.29609.76
MinimumVisualStudioVersion = 10.0.40219.1
Project("{FAE04EC0-301F-11D3-BF4B-00C04F79EFBC}") = "Chess", "Chess.csproj", "{0983E285-ED9F-468D-9456-4345BB84FA21}"
EndProject
Global
	GlobalSection(SolutionConfigurationPlatforms) = preSolution
		Debug|Any CPU = Debug|Any CPU
		Release|Any CPU = Release|Any CPU
	EndGlobalSection
	GlobalSection(ProjectConfigurationPlatforms) = postSolution
		{0983E285-ED9F-468D-9456-4345BB84FA21}.Debug|Any CPU.ActiveCfg = Debug|Any CPU
		{0983E285-ED9F-468D-9456-4345BB84FA21}.Debug|Any CPU.Build.0 = Debug|Any CPU
		{0983E285-ED9F-468D-9456-4345BB84FA21}.Release|Any CPU.ActiveCfg = Release|Any CPU
		{0983E285-ED9F-468D-9456-4345BB84FA21}.Release|Any CPU.Build.0 = Release|Any CPU
	EndGlobalSection
	GlobalSection(SolutionProperties) = preSolution
		HideSolutionNode = FALSE
	EndGlobalSection
	GlobalSection(ExtensibilityGlobals) = postSolution
		SolutionGuid = {48D617FF-8663-4EC5-BA1F-94770BD1282B}
	EndGlobalSection
EndGlobal
